# THIS IS AN AUTOGENERATED FILE. DO NOT EDIT THIS FILE DIRECTLY.
# yarn lockfile v1


anymatch@^2.0.0:
  version "2.0.0"
  resolved "https://registry.npmjs.org/anymatch/-/anymatch-2.0.0.tgz"
  dependencies:
    micromatch "^3.1.4"
    normalize-path "^2.1.1"

arr-diff@^4.0.0:
  version "4.0.0"
  resolved "https://registry.npmjs.org/arr-diff/-/arr-diff-4.0.0.tgz"

arr-flatten@^1.1.0:
  version "1.1.0"
  resolved "https://registry.npmjs.org/arr-flatten/-/arr-flatten-1.1.0.tgz"

arr-union@^3.1.0:
  version "3.1.0"
  resolved "https://registry.npmjs.org/arr-union/-/arr-union-3.1.0.tgz"

array-unique@^0.3.2:
  version "0.3.2"
  resolved "https://registry.npmjs.org/array-unique/-/array-unique-0.3.2.tgz"

assign-symbols@^1.0.0:
  version "1.0.0"
  resolved "https://registry.npmjs.org/assign-symbols/-/assign-symbols-1.0.0.tgz"

async-each@^1.0.1:
  version "1.0.3"
  resolved "https://registry.npmjs.org/async-each/-/async-each-1.0.3.tgz"

atob@^2.1.2:
  version "2.1.2"
  resolved "https://registry.npmjs.org/atob/-/atob-2.1.2.tgz"

base@^0.11.1:
  version "0.11.2"
  resolved "https://registry.npmjs.org/base/-/base-0.11.2.tgz"
  dependencies:
    cache-base "^1.0.1"
    class-utils "^0.3.5"
    component-emitter "^1.2.1"
    define-property "^1.0.0"
    isobject "^3.0.1"
    mixin-deep "^1.2.0"
    pascalcase "^0.1.1"

binary-extensions@^1.0.0:
  version "1.13.1"
  resolved "https://registry.npmjs.org/binary-extensions/-/binary-extensions-1.13.1.tgz"

bindings@^1.5.0:
  version "1.5.0"
  resolved "https://registry.yarnpkg.com/bindings/-/bindings-1.5.0.tgz#10353c9e945334bc0511a6d90b38fbc7c9c504df"
  dependencies:
    file-uri-to-path "1.0.0"

braces@^2.3.1, braces@^2.3.2:
  version "2.3.2"
  resolved "https://registry.npmjs.org/braces/-/braces-2.3.2.tgz"
  dependencies:
    arr-flatten "^1.1.0"
    array-unique "^0.3.2"
    extend-shallow "^2.0.1"
    fill-range "^4.0.0"
    isobject "^3.0.1"
    repeat-element "^1.1.2"
    snapdragon "^0.8.1"
    snapdragon-node "^2.0.1"
    split-string "^3.0.2"
    to-regex "^3.0.1"

cache-base@^1.0.1:
  version "1.0.1"
  resolved "https://registry.npmjs.org/cache-base/-/cache-base-1.0.1.tgz"
  dependencies:
    collection-visit "^1.0.0"
    component-emitter "^1.2.1"
    get-value "^2.0.6"
    has-value "^1.0.0"
    isobject "^3.0.1"
    set-value "^2.0.0"
    to-object-path "^0.3.0"
    union-value "^1.0.0"
    unset-value "^1.0.0"

chokidar@^2.1.5:
  version "2.1.8"
  resolved "https://registry.npmjs.org/chokidar/-/chokidar-2.1.8.tgz"
  dependencies:
    anymatch "^2.0.0"
    async-each "^1.0.1"
    braces "^2.3.2"
    glob-parent "^3.1.0"
    inherits "^2.0.3"
    is-binary-path "^1.0.0"
    is-glob "^4.0.0"
    normalize-path "^3.0.0"
    path-is-absolute "^1.0.0"
    readdirp "^2.2.1"
    upath "^1.1.1"
  optionalDependencies:
    fsevents "^1.2.7"

class-utils@^0.3.5:
  version "0.3.6"
  resolved "https://registry.npmjs.org/class-utils/-/class-utils-0.3.6.tgz"
  dependencies:
    arr-union "^3.1.0"
    define-property "^0.2.5"
    isobject "^3.0.0"
    static-extend "^0.1.1"

collection-visit@^1.0.0:
  version "1.0.0"
  resolved "https://registry.npmjs.org/collection-visit/-/collection-visit-1.0.0.tgz"
  dependencies:
    map-visit "^1.0.0"
    object-visit "^1.0.0"

component-emitter@^1.2.1:
  version "1.3.0"
  resolved "https://registry.npmjs.org/component-emitter/-/component-emitter-1.3.0.tgz"

connect@^3.6.6:
  version "3.7.0"
  resolved "https://registry.npmjs.org/connect/-/connect-3.7.0.tgz"
  dependencies:
    debug "2.6.9"
    finalhandler "1.1.2"
    parseurl "~1.3.3"
    utils-merge "1.0.1"

copy-descriptor@^0.1.0:
  version "0.1.1"
  resolved "https://registry.npmjs.org/copy-descriptor/-/copy-descriptor-0.1.1.tgz"

core-util-is@~1.0.0:
  version "1.0.2"
  resolved "https://registry.npmjs.org/core-util-is/-/core-util-is-1.0.2.tgz"

debug@2.6.9, debug@^2.2.0, debug@^2.3.3:
  version "2.6.9"
  resolved "https://registry.npmjs.org/debug/-/debug-2.6.9.tgz"
  dependencies:
    ms "2.0.0"

decode-uri-component@^0.2.0:
  version "0.2.2"
  resolved "https://registry.yarnpkg.com/decode-uri-component/-/decode-uri-component-0.2.2.tgz#e69dbe25d37941171dd540e024c444cd5188e1e9"

define-property@^0.2.5:
  version "0.2.5"
  resolved "https://registry.npmjs.org/define-property/-/define-property-0.2.5.tgz"
  dependencies:
    is-descriptor "^0.1.0"

define-property@^1.0.0:
  version "1.0.0"
  resolved "https://registry.npmjs.org/define-property/-/define-property-1.0.0.tgz"
  dependencies:
    is-descriptor "^1.0.0"

define-property@^2.0.2:
  version "2.0.2"
  resolved "https://registry.npmjs.org/define-property/-/define-property-2.0.2.tgz"
  dependencies:
    is-descriptor "^1.0.2"
    isobject "^3.0.1"

depd@~1.1.2:
  version "1.1.2"
  resolved "https://registry.npmjs.org/depd/-/depd-1.1.2.tgz"

destroy@~1.0.4:
  version "1.0.4"
  resolved "https://registry.npmjs.org/destroy/-/destroy-1.0.4.tgz"

dotenv@^7.0.0:
  version "7.0.0"
  resolved "https://registry.npmjs.org/dotenv/-/dotenv-7.0.0.tgz"

ee-first@1.1.1:
  version "1.1.1"
  resolved "https://registry.npmjs.org/ee-first/-/ee-first-1.1.1.tgz"

encodeurl@~1.0.2:
  version "1.0.2"
  resolved "https://registry.npmjs.org/encodeurl/-/encodeurl-1.0.2.tgz"

escape-html@~1.0.3:
  version "1.0.3"
  resolved "https://registry.npmjs.org/escape-html/-/escape-html-1.0.3.tgz"

etag@~1.8.1:
  version "1.8.1"
  resolved "https://registry.npmjs.org/etag/-/etag-1.8.1.tgz"

expand-brackets@^2.1.4:
  version "2.1.4"
  resolved "https://registry.npmjs.org/expand-brackets/-/expand-brackets-2.1.4.tgz"
  dependencies:
    debug "^2.3.3"
    define-property "^0.2.5"
    extend-shallow "^2.0.1"
    posix-character-classes "^0.1.0"
    regex-not "^1.0.0"
    snapdragon "^0.8.1"
    to-regex "^3.0.1"

extend-shallow@^2.0.1:
  version "2.0.1"
  resolved "https://registry.npmjs.org/extend-shallow/-/extend-shallow-2.0.1.tgz"
  dependencies:
    is-extendable "^0.1.0"

extend-shallow@^3.0.0, extend-shallow@^3.0.2:
  version "3.0.2"
  resolved "https://registry.npmjs.org/extend-shallow/-/extend-shallow-3.0.2.tgz"
  dependencies:
    assign-symbols "^1.0.0"
    is-extendable "^1.0.1"

extglob@^2.0.4:
  version "2.0.4"
  resolved "https://registry.npmjs.org/extglob/-/extglob-2.0.4.tgz"
  dependencies:
    array-unique "^0.3.2"
    define-property "^1.0.0"
    expand-brackets "^2.1.4"
    extend-shallow "^2.0.1"
    fragment-cache "^0.2.1"
    regex-not "^1.0.0"
    snapdragon "^0.8.1"
    to-regex "^3.0.1"

file-uri-to-path@1.0.0:
  version "1.0.0"
  resolved "https://registry.yarnpkg.com/file-uri-to-path/-/file-uri-to-path-1.0.0.tgz#553a7b8446ff6f684359c445f1e37a05dacc33dd"

fill-range@^4.0.0:
  version "4.0.0"
  resolved "https://registry.npmjs.org/fill-range/-/fill-range-4.0.0.tgz"
  dependencies:
    extend-shallow "^2.0.1"
    is-number "^3.0.0"
    repeat-string "^1.6.1"
    to-regex-range "^2.1.0"

finalhandler@1.1.2:
  version "1.1.2"
  resolved "https://registry.npmjs.org/finalhandler/-/finalhandler-1.1.2.tgz"
  dependencies:
    debug "2.6.9"
    encodeurl "~1.0.2"
    escape-html "~1.0.3"
    on-finished "~2.3.0"
    parseurl "~1.3.3"
    statuses "~1.5.0"
    unpipe "~1.0.0"

for-in@^1.0.2:
  version "1.0.2"
  resolved "https://registry.npmjs.org/for-in/-/for-in-1.0.2.tgz"

fragment-cache@^0.2.1:
  version "0.2.1"
  resolved "https://registry.npmjs.org/fragment-cache/-/fragment-cache-0.2.1.tgz"
  dependencies:
    map-cache "^0.2.2"

fresh@0.5.2:
  version "0.5.2"
  resolved "https://registry.npmjs.org/fresh/-/fresh-0.5.2.tgz"

fsevents@^1.2.7:
  version "1.2.13"
  resolved "https://registry.yarnpkg.com/fsevents/-/fsevents-1.2.13.tgz#f325cb0455592428bcf11b383370ef70e3bfcc38"
  dependencies:
    bindings "^1.5.0"
    nan "^2.12.1"

get-value@^2.0.3, get-value@^2.0.6:
  version "2.0.6"
  resolved "https://registry.npmjs.org/get-value/-/get-value-2.0.6.tgz"

glob-parent@^3.1.0:
  version "3.1.0"
  resolved "https://registry.npmjs.org/glob-parent/-/glob-parent-3.1.0.tgz"
  dependencies:
    is-glob "^3.1.0"
    path-dirname "^1.0.0"

graceful-fs@^4.1.11:
  version "4.2.4"
  resolved "https://registry.npmjs.org/graceful-fs/-/graceful-fs-4.2.4.tgz"

has-value@^0.3.1:
  version "0.3.1"
  resolved "https://registry.npmjs.org/has-value/-/has-value-0.3.1.tgz"
  dependencies:
    get-value "^2.0.3"
    has-values "^0.1.4"
    isobject "^2.0.0"

has-value@^1.0.0:
  version "1.0.0"
  resolved "https://registry.npmjs.org/has-value/-/has-value-1.0.0.tgz"
  dependencies:
    get-value "^2.0.6"
    has-values "^1.0.0"
    isobject "^3.0.0"

has-values@^0.1.4:
  version "0.1.4"
  resolved "https://registry.npmjs.org/has-values/-/has-values-0.1.4.tgz"

has-values@^1.0.0:
  version "1.0.0"
  resolved "https://registry.npmjs.org/has-values/-/has-values-1.0.0.tgz"
  dependencies:
    is-number "^3.0.0"
    kind-of "^4.0.0"

http-errors@~1.7.2:
  version "1.7.3"
  resolved "https://registry.npmjs.org/http-errors/-/http-errors-1.7.3.tgz"
  dependencies:
    depd "~1.1.2"
    inherits "2.0.4"
    setprototypeof "1.1.1"
    statuses ">= 1.5.0 < 2"
    toidentifier "1.0.0"

inherits@2.0.4, inherits@^2.0.3, inherits@~2.0.3:
  version "2.0.4"
  resolved "https://registry.npmjs.org/inherits/-/inherits-2.0.4.tgz"

is-accessor-descriptor@^0.1.6:
  version "0.1.6"
  resolved "https://registry.npmjs.org/is-accessor-descriptor/-/is-accessor-descriptor-0.1.6.tgz"
  dependencies:
    kind-of "^3.0.2"

is-accessor-descriptor@^1.0.0:
  version "1.0.0"
  resolved "https://registry.npmjs.org/is-accessor-descriptor/-/is-accessor-descriptor-1.0.0.tgz"
  dependencies:
    kind-of "^6.0.0"

is-binary-path@^1.0.0:
  version "1.0.1"
  resolved "https://registry.npmjs.org/is-binary-path/-/is-binary-path-1.0.1.tgz"
  dependencies:
    binary-extensions "^1.0.0"

is-buffer@^1.1.5:
  version "1.1.6"
  resolved "https://registry.npmjs.org/is-buffer/-/is-buffer-1.1.6.tgz"

is-data-descriptor@^0.1.4:
  version "0.1.4"
  resolved "https://registry.npmjs.org/is-data-descriptor/-/is-data-descriptor-0.1.4.tgz"
  dependencies:
    kind-of "^3.0.2"

is-data-descriptor@^1.0.0:
  version "1.0.0"
  resolved "https://registry.npmjs.org/is-data-descriptor/-/is-data-descriptor-1.0.0.tgz"
  dependencies:
    kind-of "^6.0.0"

is-descriptor@^0.1.0:
  version "0.1.6"
  resolved "https://registry.npmjs.org/is-descriptor/-/is-descriptor-0.1.6.tgz"
  dependencies:
    is-accessor-descriptor "^0.1.6"
    is-data-descriptor "^0.1.4"
    kind-of "^5.0.0"

is-descriptor@^1.0.0, is-descriptor@^1.0.2:
  version "1.0.2"
  resolved "https://registry.npmjs.org/is-descriptor/-/is-descriptor-1.0.2.tgz"
  dependencies:
    is-accessor-descriptor "^1.0.0"
    is-data-descriptor "^1.0.0"
    kind-of "^6.0.2"

is-extendable@^0.1.0, is-extendable@^0.1.1:
  version "0.1.1"
  resolved "https://registry.npmjs.org/is-extendable/-/is-extendable-0.1.1.tgz"

is-extendable@^1.0.1:
  version "1.0.1"
  resolved "https://registry.npmjs.org/is-extendable/-/is-extendable-1.0.1.tgz"
  dependencies:
    is-plain-object "^2.0.4"

is-extglob@^2.1.0, is-extglob@^2.1.1:
  version "2.1.1"
  resolved "https://registry.npmjs.org/is-extglob/-/is-extglob-2.1.1.tgz"

is-glob@^3.1.0:
  version "3.1.0"
  resolved "https://registry.npmjs.org/is-glob/-/is-glob-3.1.0.tgz"
  dependencies:
    is-extglob "^2.1.0"

is-glob@^4.0.0:
  version "4.0.1"
  resolved "https://registry.npmjs.org/is-glob/-/is-glob-4.0.1.tgz"
  dependencies:
    is-extglob "^2.1.1"

is-number@^3.0.0:
  version "3.0.0"
  resolved "https://registry.npmjs.org/is-number/-/is-number-3.0.0.tgz"
  dependencies:
    kind-of "^3.0.2"

is-plain-object@^2.0.3, is-plain-object@^2.0.4:
  version "2.0.4"
  resolved "https://registry.npmjs.org/is-plain-object/-/is-plain-object-2.0.4.tgz"
  dependencies:
    isobject "^3.0.1"

is-windows@^1.0.2:
  version "1.0.2"
  resolved "https://registry.npmjs.org/is-windows/-/is-windows-1.0.2.tgz"

isarray@1.0.0, isarray@~1.0.0:
  version "1.0.0"
  resolved "https://registry.npmjs.org/isarray/-/isarray-1.0.0.tgz"

isobject@^2.0.0:
  version "2.1.0"
  resolved "https://registry.npmjs.org/isobject/-/isobject-2.1.0.tgz"
  dependencies:
    isarray "1.0.0"

isobject@^3.0.0, isobject@^3.0.1:
  version "3.0.1"
  resolved "https://registry.npmjs.org/isobject/-/isobject-3.0.1.tgz"

kind-of@^3.0.2, kind-of@^3.0.3, kind-of@^3.2.0:
  version "3.2.2"
  resolved "https://registry.npmjs.org/kind-of/-/kind-of-3.2.2.tgz"
  dependencies:
    is-buffer "^1.1.5"

kind-of@^4.0.0:
  version "4.0.0"
  resolved "https://registry.npmjs.org/kind-of/-/kind-of-4.0.0.tgz"
  dependencies:
    is-buffer "^1.1.5"

kind-of@^5.0.0:
  version "5.1.0"
  resolved "https://registry.npmjs.org/kind-of/-/kind-of-5.1.0.tgz"

kind-of@^6.0.0, kind-of@^6.0.2:
  version "6.0.3"
  resolved "https://registry.npmjs.org/kind-of/-/kind-of-6.0.3.tgz"

map-cache@^0.2.2:
  version "0.2.2"
  resolved "https://registry.npmjs.org/map-cache/-/map-cache-0.2.2.tgz"

map-visit@^1.0.0:
  version "1.0.0"
  resolved "https://registry.npmjs.org/map-visit/-/map-visit-1.0.0.tgz"
  dependencies:
    object-visit "^1.0.0"

marked@^0.6.2:
  version "0.6.3"
  resolved "https://registry.npmjs.org/marked/-/marked-0.6.3.tgz"

micromatch@^3.1.10, micromatch@^3.1.4:
  version "3.1.10"
  resolved "https://registry.npmjs.org/micromatch/-/micromatch-3.1.10.tgz"
  dependencies:
    arr-diff "^4.0.0"
    array-unique "^0.3.2"
    braces "^2.3.1"
    define-property "^2.0.2"
    extend-shallow "^3.0.2"
    extglob "^2.0.4"
    fragment-cache "^0.2.1"
    kind-of "^6.0.2"
    nanomatch "^1.2.9"
    object.pick "^1.3.0"
    regex-not "^1.0.0"
    snapdragon "^0.8.1"
    to-regex "^3.0.2"

mime@1.6.0:
  version "1.6.0"
  resolved "https://registry.npmjs.org/mime/-/mime-1.6.0.tgz"

mixin-deep@^1.2.0:
  version "1.3.2"
  resolved "https://registry.npmjs.org/mixin-deep/-/mixin-deep-1.3.2.tgz"
  dependencies:
    for-in "^1.0.2"
    is-extendable "^1.0.1"

ms@2.0.0:
  version "2.0.0"
  resolved "https://registry.npmjs.org/ms/-/ms-2.0.0.tgz"

ms@2.1.1:
  version "2.1.1"
  resolved "https://registry.npmjs.org/ms/-/ms-2.1.1.tgz"

nan@^2.12.1:
  version "2.17.0"
  resolved "https://registry.yarnpkg.com/nan/-/nan-2.17.0.tgz#c0150a2368a182f033e9aa5195ec76ea41a199cb"

nanomatch@^1.2.9:
  version "1.2.13"
  resolved "https://registry.npmjs.org/nanomatch/-/nanomatch-1.2.13.tgz"
  dependencies:
    arr-diff "^4.0.0"
    array-unique "^0.3.2"
    define-property "^2.0.2"
    extend-shallow "^3.0.2"
    fragment-cache "^0.2.1"
    is-windows "^1.0.2"
    kind-of "^6.0.2"
    object.pick "^1.3.0"
    regex-not "^1.0.0"
    snapdragon "^0.8.1"
    to-regex "^3.0.1"

normalize-path@^2.1.1:
  version "2.1.1"
  resolved "https://registry.npmjs.org/normalize-path/-/normalize-path-2.1.1.tgz"
  dependencies:
    remove-trailing-separator "^1.0.1"

normalize-path@^3.0.0:
  version "3.0.0"
  resolved "https://registry.npmjs.org/normalize-path/-/normalize-path-3.0.0.tgz"

object-copy@^0.1.0:
  version "0.1.0"
  resolved "https://registry.npmjs.org/object-copy/-/object-copy-0.1.0.tgz"
  dependencies:
    copy-descriptor "^0.1.0"
    define-property "^0.2.5"
    kind-of "^3.0.3"

object-visit@^1.0.0:
  version "1.0.1"
  resolved "https://registry.npmjs.org/object-visit/-/object-visit-1.0.1.tgz"
  dependencies:
    isobject "^3.0.0"

object.pick@^1.3.0:
  version "1.3.0"
  resolved "https://registry.npmjs.org/object.pick/-/object.pick-1.3.0.tgz"
  dependencies:
    isobject "^3.0.1"

on-finished@~2.3.0:
  version "2.3.0"
  resolved "https://registry.npmjs.org/on-finished/-/on-finished-2.3.0.tgz"
  dependencies:
    ee-first "1.1.1"

parseurl@~1.3.3:
  version "1.3.3"
  resolved "https://registry.npmjs.org/parseurl/-/parseurl-1.3.3.tgz"

pascalcase@^0.1.1:
  version "0.1.1"
  resolved "https://registry.npmjs.org/pascalcase/-/pascalcase-0.1.1.tgz"

path-dirname@^1.0.0:
  version "1.0.2"
  resolved "https://registry.npmjs.org/path-dirname/-/path-dirname-1.0.2.tgz"

path-is-absolute@^1.0.0:
  version "1.0.1"
  resolved "https://registry.npmjs.org/path-is-absolute/-/path-is-absolute-1.0.1.tgz"

posix-character-classes@^0.1.0:
  version "0.1.1"
  resolved "https://registry.npmjs.org/posix-character-classes/-/posix-character-classes-0.1.1.tgz"

process-nextick-args@~2.0.0:
  version "2.0.1"
  resolved "https://registry.npmjs.org/process-nextick-args/-/process-nextick-args-2.0.1.tgz"

range-parser@~1.2.1:
  version "1.2.1"
  resolved "https://registry.npmjs.org/range-parser/-/range-parser-1.2.1.tgz"

readable-stream@^2.0.2:
  version "2.3.7"
  resolved "https://registry.npmjs.org/readable-stream/-/readable-stream-2.3.7.tgz"
  dependencies:
    core-util-is "~1.0.0"
    inherits "~2.0.3"
    isarray "~1.0.0"
    process-nextick-args "~2.0.0"
    safe-buffer "~5.1.1"
    string_decoder "~1.1.1"
    util-deprecate "~1.0.1"

readdirp@^2.2.1:
  version "2.2.1"
  resolved "https://registry.npmjs.org/readdirp/-/readdirp-2.2.1.tgz"
  dependencies:
    graceful-fs "^4.1.11"
    micromatch "^3.1.10"
    readable-stream "^2.0.2"

regex-not@^1.0.0, regex-not@^1.0.2:
  version "1.0.2"
  resolved "https://registry.npmjs.org/regex-not/-/regex-not-1.0.2.tgz"
  dependencies:
    extend-shallow "^3.0.2"
    safe-regex "^1.1.0"

remove-trailing-separator@^1.0.1:
  version "1.1.0"
  resolved "https://registry.npmjs.org/remove-trailing-separator/-/remove-trailing-separator-1.1.0.tgz"

repeat-element@^1.1.2:
  version "1.1.3"
  resolved "https://registry.npmjs.org/repeat-element/-/repeat-element-1.1.3.tgz"

repeat-string@^1.6.1:
  version "1.6.1"
  resolved "https://registry.npmjs.org/repeat-string/-/repeat-string-1.6.1.tgz"

resolve-url@^0.2.1:
  version "0.2.1"
  resolved "https://registry.npmjs.org/resolve-url/-/resolve-url-0.2.1.tgz"

ret@~0.1.10:
  version "0.1.15"
  resolved "https://registry.npmjs.org/ret/-/ret-0.1.15.tgz"

safe-buffer@~5.1.0, safe-buffer@~5.1.1:
  version "5.1.2"
  resolved "https://registry.npmjs.org/safe-buffer/-/safe-buffer-5.1.2.tgz"

safe-regex@^1.1.0:
  version "1.1.0"
  resolved "https://registry.npmjs.org/safe-regex/-/safe-regex-1.1.0.tgz"
  dependencies:
    ret "~0.1.10"

send@0.17.1:
  version "0.17.1"
  resolved "https://registry.npmjs.org/send/-/send-0.17.1.tgz"
  dependencies:
    debug "2.6.9"
    depd "~1.1.2"
    destroy "~1.0.4"
    encodeurl "~1.0.2"
    escape-html "~1.0.3"
    etag "~1.8.1"
    fresh "0.5.2"
    http-errors "~1.7.2"
    mime "1.6.0"
    ms "2.1.1"
    on-finished "~2.3.0"
    range-parser "~1.2.1"
    statuses "~1.5.0"

sergey@^0.0.13:
  version "0.0.13"
  resolved "https://registry.npmjs.org/sergey/-/sergey-0.0.13.tgz"
  dependencies:
    chokidar "^2.1.5"
    connect "^3.6.6"
    dotenv "^7.0.0"
    marked "^0.6.2"
    serve-static "^1.13.2"

serve-static@^1.13.2:
  version "1.14.1"
  resolved "https://registry.npmjs.org/serve-static/-/serve-static-1.14.1.tgz"
  dependencies:
    encodeurl "~1.0.2"
    escape-html "~1.0.3"
    parseurl "~1.3.3"
    send "0.17.1"

set-value@^2.0.0, set-value@^2.0.1:
  version "2.0.1"
  resolved "https://registry.npmjs.org/set-value/-/set-value-2.0.1.tgz"
  dependencies:
    extend-shallow "^2.0.1"
    is-extendable "^0.1.1"
    is-plain-object "^2.0.3"
    split-string "^3.0.1"

setprototypeof@1.1.1:
  version "1.1.1"
  resolved "https://registry.npmjs.org/setprototypeof/-/setprototypeof-1.1.1.tgz"

snapdragon-node@^2.0.1:
  version "2.1.1"
  resolved "https://registry.npmjs.org/snapdragon-node/-/snapdragon-node-2.1.1.tgz"
  dependencies:
    define-property "^1.0.0"
    isobject "^3.0.0"
    snapdragon-util "^3.0.1"

snapdragon-util@^3.0.1:
  version "3.0.1"
  resolved "https://registry.npmjs.org/snapdragon-util/-/snapdragon-util-3.0.1.tgz"
  dependencies:
    kind-of "^3.2.0"

snapdragon@^0.8.1:
  version "0.8.2"
  resolved "https://registry.npmjs.org/snapdragon/-/snapdragon-0.8.2.tgz"
  dependencies:
    base "^0.11.1"
    debug "^2.2.0"
    define-property "^0.2.5"
    extend-shallow "^2.0.1"
    map-cache "^0.2.2"
    source-map "^0.5.6"
    source-map-resolve "^0.5.0"
    use "^3.1.0"

source-map-resolve@^0.5.0:
  version "0.5.3"
  resolved "https://registry.npmjs.org/source-map-resolve/-/source-map-resolve-0.5.3.tgz"
  dependencies:
    atob "^2.1.2"
    decode-uri-component "^0.2.0"
    resolve-url "^0.2.1"
    source-map-url "^0.4.0"
    urix "^0.1.0"

source-map-url@^0.4.0:
  version "0.4.0"
  resolved "https://registry.npmjs.org/source-map-url/-/source-map-url-0.4.0.tgz"

source-map@^0.5.6:
  version "0.5.7"
  resolved "https://registry.npmjs.org/source-map/-/source-map-0.5.7.tgz"

split-string@^3.0.1, split-string@^3.0.2:
  version "3.1.0"
  resolved "https://registry.npmjs.org/split-string/-/split-string-3.1.0.tgz"
  dependencies:
    extend-shallow "^3.0.0"

static-extend@^0.1.1:
  version "0.1.2"
  resolved "https://registry.npmjs.org/static-extend/-/static-extend-0.1.2.tgz"
  dependencies:
    define-property "^0.2.5"
    object-copy "^0.1.0"

"statuses@>= 1.5.0 < 2", statuses@~1.5.0:
  version "1.5.0"
  resolved "https://registry.npmjs.org/statuses/-/statuses-1.5.0.tgz"

string_decoder@~1.1.1:
  version "1.1.1"
  resolved "https://registry.npmjs.org/string_decoder/-/string_decoder-1.1.1.tgz"
  dependencies:
    safe-buffer "~5.1.0"

to-object-path@^0.3.0:
  version "0.3.0"
  resolved "https://registry.npmjs.org/to-object-path/-/to-object-path-0.3.0.tgz"
  dependencies:
    kind-of "^3.0.2"

to-regex-range@^2.1.0:
  version "2.1.1"
  resolved "https://registry.npmjs.org/to-regex-range/-/to-regex-range-2.1.1.tgz"
  dependencies:
    is-number "^3.0.0"
    repeat-string "^1.6.1"

to-regex@^3.0.1, to-regex@^3.0.2:
  version "3.0.2"
  resolved "https://registry.npmjs.org/to-regex/-/to-regex-3.0.2.tgz"
  dependencies:
    define-property "^2.0.2"
    extend-shallow "^3.0.2"
    regex-not "^1.0.2"
    safe-regex "^1.1.0"

toidentifier@1.0.0:
  version "1.0.0"
  resolved "https://registry.npmjs.org/toidentifier/-/toidentifier-1.0.0.tgz"

union-value@^1.0.0:
  version "1.0.1"
  resolved "https://registry.npmjs.org/union-value/-/union-value-1.0.1.tgz"
  dependencies:
    arr-union "^3.1.0"
    get-value "^2.0.6"
    is-extendable "^0.1.1"
    set-value "^2.0.1"

unpipe@~1.0.0:
  version "1.0.0"
  resolved "https://registry.npmjs.org/unpipe/-/unpipe-1.0.0.tgz"

unset-value@^1.0.0:
  version "1.0.0"
  resolved "https://registry.npmjs.org/unset-value/-/unset-value-1.0.0.tgz"
  dependencies:
    has-value "^0.3.1"
    isobject "^3.0.0"

upath@^1.1.1:
  version "1.2.0"
  resolved "https://registry.npmjs.org/upath/-/upath-1.2.0.tgz"

urix@^0.1.0:
  version "0.1.0"
  resolved "https://registry.npmjs.org/urix/-/urix-0.1.0.tgz"

use@^3.1.0:
  version "3.1.1"
  resolved "https://registry.npmjs.org/use/-/use-3.1.1.tgz"

util-deprecate@~1.0.1:
  version "1.0.2"
  resolved "https://registry.npmjs.org/util-deprecate/-/util-deprecate-1.0.2.tgz"

utils-merge@1.0.1:
  version "1.0.1"
  resolved "https://registry.npmjs.org/utils-merge/-/utils-merge-1.0.1.tgz"
